
Microsoft Visual Studio Solution File, Format Version 12.00
# Visual Studio 15
VisualStudioVersion = 15.0.27428.2037
MinimumVisualStudioVersion = 10.0.40219.1
Project("{FAE04EC0-301F-11D3-BF4B-00C04F79EFBC}") = "SpaceGame", "SpaceGame\SpaceGame.csproj", "{FE7F7F40-2257-4764-BB15-26BD42F18F9E}"
EndProject
Project("{FAE04EC0-301F-11D3-BF4B-00C04F79EFBC}") = "SpaceGame.Data", "SpaceGame.Data\SpaceGame.Data.csproj", "{8EBB9C0F-DAFB-47F5-9391-EABF6EB1EB2E}"
EndProject
Project("{FAE04EC0-301F-11D3-BF4B-00C04F79EFBC}") = "Yna.Windows", "YnaEngine\Yna.Windows.csproj", "{BF58CAF2-143A-420C-8C0E-11D438522C35}"
EndProject
Global
	GlobalSection(SolutionConfigurationPlatforms) = preSolution
		Debug|Any CPU = Debug|Any CPU
		Debug|x64 = Debug|x64
		Debug|x86 = Debug|x86
		Release|Any CPU = Release|Any CPU
		Release|x64 = Release|x64
		Release|x86 = Release|x86
	EndGlobalSection
	GlobalSection(ProjectConfigurationPlatforms) = postSolution
		{FE7F7F40-2257-4764-BB15-26BD42F18F9E}.Debug|Any CPU.ActiveCfg = Debug|x86
		{FE7F7F40-2257-4764-BB15-26BD42F18F9E}.Debug|Any CPU.Build.0 = Debug|x86
		{FE7F7F40-2257-4764-BB15-26BD42F18F9E}.Debug|x64.ActiveCfg = Debug|x86
		{FE7F7F40-2257-4764-BB15-26BD42F18F9E}.Debug|x64.Build.0 = Debug|x86
		{FE7F7F40-2257-4764-BB15-26BD42F18F9E}.Debug|x86.ActiveCfg = Debug|x86
		{FE7F7F40-2257-4764-BB15-26BD42F18F9E}.Debug|x86.Build.0 = Debug|x86
		{FE7F7F40-2257-4764-BB15-26BD42F18F9E}.Release|Any CPU.ActiveCfg = Debug|x86
		{FE7F7F40-2257-4764-BB15-26BD42F18F9E}.Release|Any CPU.Build.0 = Debug|x86
		{FE7F7F40-2257-4764-BB15-26BD42F18F9E}.Release|x64.ActiveCfg = Debug|x86
		{FE7F7F40-2257-4764-BB15-26BD42F18F9E}.Release|x64.Build.0 = Debug|x86
		{FE7F7F40-2257-4764-BB15-26BD42F18F9E}.Release|x86.ActiveCfg = Debug|x86
		{FE7F7F40-2257-4764-BB15-26BD42F18F9E}.Release|x86.Build.0 = Debug|x86
		{8EBB9C0F-DAFB-47F5-9391-EABF6EB1EB2E}.Debug|Any CPU.ActiveCfg = Debug|Any CPU
		{8EBB9C0F-DAFB-47F5-9391-EABF6EB1EB2E}.Debug|Any CPU.Build.0 = Debug|Any CPU
		{8EBB9C0F-DAFB-47F5-9391-EABF6EB1EB2E}.Debug|x64.ActiveCfg = Debug|Any CPU
		{8EBB9C0F-DAFB-47F5-9391-EABF6EB1EB2E}.Debug|x64.Build.0 = Debug|Any CPU
		{8EBB9C0F-DAFB-47F5-9391-EABF6EB1EB2E}.Debug|x86.ActiveCfg = Debug|Any CPU
		{8EBB9C0F-DAFB-47F5-9391-EABF6EB1EB2E}.Debug|x86.Build.0 = Debug|Any CPU
		{8EBB9C0F-DAFB-47F5-9391-EABF6EB1EB2E}.Release|Any CPU.ActiveCfg = Debug|Any CPU
		{8EBB9C0F-DAFB-47F5-9391-EABF6EB1EB2E}.Release|Any CPU.Build.0 = Debug|Any CPU
		{8EBB9C0F-DAFB-47F5-9391-EABF6EB1EB2E}.Release|x64.ActiveCfg = Debug|Any CPU
		{8EBB9C0F-DAFB-47F5-9391-EABF6EB1EB2E}.Release|x64.Build.0 = Debug|Any CPU
		{8EBB9C0F-DAFB-47F5-9391-EABF6EB1EB2E}.Release|x86.ActiveCfg = Debug|Any CPU
		{8EBB9C0F-DAFB-47F5-9391-EABF6EB1EB2E}.Release|x86.Build.0 = Debug|Any CPU
		{BF58CAF2-143A-420C-8C0E-11D438522C35}.Debug|Any CPU.ActiveCfg = Debug|x86
		{BF58CAF2-143A-420C-8C0E-11D438522C35}.Debug|Any CPU.Build.0 = Debug|x86
		{BF58CAF2-143A-420C-8C0E-11D438522C35}.Debug|x64.ActiveCfg = Debug|x86
		{BF58CAF2-143A-420C-8C0E-11D438522C35}.Debug|x64.Build.0 = Debug|x86
		{BF58CAF2-143A-420C-8C0E-11D438522C35}.Debug|x86.ActiveCfg = Debug|x86
		{BF58CAF2-143A-420C-8C0E-11D438522C35}.Debug|x86.Build.0 = Debug|x86
		{BF58CAF2-143A-420C-8C0E-11D438522C35}.Release|Any CPU.ActiveCfg = Debug|x86
		{BF58CAF2-143A-420C-8C0E-11D438522C35}.Release|Any CPU.Build.0 = Debug|x86
		{BF58CAF2-143A-420C-8C0E-11D438522C35}.Release|x64.ActiveCfg = Debug|x86
		{BF58CAF2-143A-420C-8C0E-11D438522C35}.Release|x64.Build.0 = Debug|x86
		{BF58CAF2-143A-420C-8C0E-11D438522C35}.Release|x86.ActiveCfg = Debug|x86
		{BF58CAF2-143A-420C-8C0E-11D438522C35}.Release|x86.Build.0 = Debug|x86
	EndGlobalSection
	GlobalSection(SolutionProperties) = preSolution
		HideSolutionNode = FALSE
	EndGlobalSection
	GlobalSection(ExtensibilityGlobals) = postSolution
		SolutionGuid = {9BF63F6A-B471-4DA1-86F2-53B1E23FC113}
	EndGlobalSection
	GlobalSection(Performance) = preSolution
		HasPerformanceSessions = true
	EndGlobalSection
EndGlobal
